
Microsoft Visual Studio Solution File, Format Version 12.00
# Visual Studio Version 17
VisualStudioVersion = 17.14.36310.24
MinimumVisualStudioVersion = 10.0.40219.1
Project("{FAE04EC0-301F-11D3-BF4B-00C04F79EFBC}") = "WebTimKiemBacSi", "Web\WebTimKiemBacSi.csproj", "{4350DE63-D3ED-44CB-A6F9-2275A0F0A9E4}"
EndProject
Global
	GlobalSection(SolutionConfigurationPlatforms) = preSolution
		Debug|Any CPU = Debug|Any CPU
		Release|Any CPU = Release|Any CPU
	EndGlobalSection
	GlobalSection(ProjectConfigurationPlatforms) = postSolution
		{4350DE63-D3ED-44CB-A6F9-2275A0F0A9E4}.Debug|Any CPU.ActiveCfg = Debug|Any CPU
		{4350DE63-D3ED-44CB-A6F9-2275A0F0A9E4}.Debug|Any CPU.Build.0 = Debug|Any CPU
		{4350DE63-D3ED-44CB-A6F9-2275A0F0A9E4}.Release|Any CPU.ActiveCfg = Release|Any CPU
		{4350DE63-D3ED-44CB-A6F9-2275A0F0A9E4}.Release|Any CPU.Build.0 = Release|Any CPU
	EndGlobalSection
	GlobalSection(SolutionProperties) = preSolution
		HideSolutionNode = FALSE
	EndGlobalSection
	GlobalSection(ExtensibilityGlobals) = postSolution
		SolutionGuid = {49BA1292-7782-4632-9C48-9BC5ED7D439A}
	EndGlobalSection
EndGlobal
